
Terraform used the selected providers to generate the following execution
plan. Resource actions are indicated with the following symbols:
  [32m+[0m create[0m

Terraform will perform the following actions:

[1m  # docker_container.web[0m will be created
[0m  [32m+[0m[0m resource "docker_container" "web" {
      [32m+[0m[0m attach                                      = false
      [32m+[0m[0m bridge                                      = (known after apply)
      [32m+[0m[0m command                                     = (known after apply)
      [32m+[0m[0m container_logs                              = (known after apply)
      [32m+[0m[0m container_read_refresh_timeout_milliseconds = 15000
      [32m+[0m[0m entrypoint                                  = (known after apply)
      [32m+[0m[0m env                                         = [
          [32m+[0m[0m "TZ=Asia/Kolkata",
        ]
      [32m+[0m[0m exit_code                                   = (known after apply)
      [32m+[0m[0m hostname                                    = (known after apply)
      [32m+[0m[0m id                                          = (known after apply)
      [32m+[0m[0m image                                       = (known after apply)
      [32m+[0m[0m init                                        = (known after apply)
      [32m+[0m[0m ipc_mode                                    = (known after apply)
      [32m+[0m[0m log_driver                                  = (known after apply)
      [32m+[0m[0m logs                                        = false
      [32m+[0m[0m must_run                                    = true
      [32m+[0m[0m name                                        = "tf-nginx"
      [32m+[0m[0m network_data                                = (known after apply)
      [32m+[0m[0m network_mode                                = "bridge"
      [32m+[0m[0m read_only                                   = false
      [32m+[0m[0m remove_volumes                              = true
      [32m+[0m[0m restart                                     = "unless-stopped"
      [32m+[0m[0m rm                                          = false
      [32m+[0m[0m runtime                                     = (known after apply)
      [32m+[0m[0m security_opts                               = (known after apply)
      [32m+[0m[0m shm_size                                    = (known after apply)
      [32m+[0m[0m start                                       = true
      [32m+[0m[0m stdin_open                                  = false
      [32m+[0m[0m stop_signal                                 = (known after apply)
      [32m+[0m[0m stop_timeout                                = (known after apply)
      [32m+[0m[0m tty                                         = false
      [32m+[0m[0m wait                                        = false
      [32m+[0m[0m wait_timeout                                = 60

      [32m+[0m[0m healthcheck (known after apply)

      [32m+[0m[0m labels (known after apply)

      [32m+[0m[0m networks_advanced {
          [32m+[0m[0m aliases      = []
          [32m+[0m[0m name         = "tf-demo-net"
            [90m# (2 unchanged attributes hidden)[0m[0m
        }

      [32m+[0m[0m ports {
          [32m+[0m[0m external = 8080
          [32m+[0m[0m internal = 80
          [32m+[0m[0m ip       = "0.0.0.0"
          [32m+[0m[0m protocol = "tcp"
        }
    }

[1m  # docker_image.nginx[0m will be created
[0m  [32m+[0m[0m resource "docker_image" "nginx" {
      [32m+[0m[0m id           = (known after apply)
      [32m+[0m[0m image_id     = (known after apply)
      [32m+[0m[0m keep_locally = true
      [32m+[0m[0m name         = "nginx:alpine"
      [32m+[0m[0m repo_digest  = (known after apply)
    }

[1m  # docker_network.demo[0m will be created
[0m  [32m+[0m[0m resource "docker_network" "demo" {
      [32m+[0m[0m driver      = (known after apply)
      [32m+[0m[0m id          = (known after apply)
      [32m+[0m[0m internal    = (known after apply)
      [32m+[0m[0m ipam_driver = "default"
      [32m+[0m[0m name        = "tf-demo-net"
      [32m+[0m[0m options     = (known after apply)
      [32m+[0m[0m scope       = (known after apply)

      [32m+[0m[0m ipam_config (known after apply)
    }

[1mPlan:[0m 3 to add, 0 to change, 0 to destroy.
[0m
Changes to Outputs:
  [32m+[0m[0m container_id   = (known after apply)
  [32m+[0m[0m container_name = "tf-nginx"
  [32m+[0m[0m web_url        = "http://localhost:8080"
[90m
─────────────────────────────────────────────────────────────────────────────[0m

Saved the plan to: tfplan

To perform exactly these actions, run the following command to apply:
    terraform apply "tfplan"
